
Microsoft Visual Studio Solution File, Format Version 12.00
# Visual Studio 15
VisualStudioVersion = 15.0.26730.16
MinimumVisualStudioVersion = 10.0.40219.1
Project("{FAE04EC0-301F-11D3-BF4B-00C04F79EFBC}") = "CreepyBrother-docent", "CreepyBrother-docent\CreepyBrother-docent.csproj", "{F0ACE25E-386A-46B0-9BEC-399CADF4A00C}"
EndProject
Global
	GlobalSection(SolutionConfigurationPlatforms) = preSolution
		Debug|Any CPU = Debug|Any CPU
		Release|Any CPU = Release|Any CPU
	EndGlobalSection
	GlobalSection(ProjectConfigurationPlatforms) = postSolution
		{F0ACE25E-386A-46B0-9BEC-399CADF4A00C}.Debug|Any CPU.ActiveCfg = Debug|Any CPU
		{F0ACE25E-386A-46B0-9BEC-399CADF4A00C}.Debug|Any CPU.Build.0 = Debug|Any CPU
		{F0ACE25E-386A-46B0-9BEC-399CADF4A00C}.Release|Any CPU.ActiveCfg = Release|Any CPU
		{F0ACE25E-386A-46B0-9BEC-399CADF4A00C}.Release|Any CPU.Build.0 = Release|Any CPU
	EndGlobalSection
	GlobalSection(SolutionProperties) = preSolution
		HideSolutionNode = FALSE
	EndGlobalSection
	GlobalSection(ExtensibilityGlobals) = postSolution
		SolutionGuid = {FF4D24E5-17B3-462E-BE37-FE6694189594}
	EndGlobalSection
EndGlobal
